
Microsoft Visual Studio Solution File, Format Version 12.00
# Visual Studio 15
VisualStudioVersion = 15.0.28010.2019
MinimumVisualStudioVersion = 10.0.40219.1
Project("{FAE04EC0-301F-11D3-BF4B-00C04F79EFBC}") = "Singleton", "Singleton\Singleton.csproj", "{3AD30FBA-C552-406E-9F7C-D05149C6879F}"
EndProject
Global
	GlobalSection(SolutionConfigurationPlatforms) = preSolution
		Debug|Any CPU = Debug|Any CPU
		Release|Any CPU = Release|Any CPU
	EndGlobalSection
	GlobalSection(ProjectConfigurationPlatforms) = postSolution
		{3AD30FBA-C552-406E-9F7C-D05149C6879F}.Debug|Any CPU.ActiveCfg = Debug|Any CPU
		{3AD30FBA-C552-406E-9F7C-D05149C6879F}.Debug|Any CPU.Build.0 = Debug|Any CPU
		{3AD30FBA-C552-406E-9F7C-D05149C6879F}.Release|Any CPU.ActiveCfg = Release|Any CPU
		{3AD30FBA-C552-406E-9F7C-D05149C6879F}.Release|Any CPU.Build.0 = Release|Any CPU
	EndGlobalSection
	GlobalSection(SolutionProperties) = preSolution
		HideSolutionNode = FALSE
	EndGlobalSection
	GlobalSection(ExtensibilityGlobals) = postSolution
		SolutionGuid = {45714750-5796-46EF-B8AF-C7901F25955A}
	EndGlobalSection
EndGlobal
